// !$*UTF8*$!
{
	archiveVersion = 1;
	classes = {
	};
	objectVersion = 50;
	objects = {

/* Begin PBXBuildFile section */
		7A5A285C2625D0D400361AE4 /* AppDelegate.swift in Sources */ = {isa = PBXBuildFile; fileRef = 7A5A285B2625D0D400361AE4 /* AppDelegate.swift */; };
		7A5A285E2625D0D400361AE4 /* SceneDelegate.swift in Sources */ = {isa = PBXBuildFile; fileRef = 7A5A285D2625D0D400361AE4 /* SceneDelegate.swift */; };
		7A5A28602625D0D400361AE4 /* ViewController.swift in Sources */ = {isa = PBXBuildFile; fileRef = 7A5A285F2625D0D400361AE4 /* ViewController.swift */; };
		7A5A28632625D0D400361AE4 /* Main.storyboard in Resources */ = {isa = PBXBuildFile; fileRef = 7A5A28612625D0D400361AE4 /* Main.storyboard */; };
		7A5A28662625D0D400361AE4 /* ML_Count_Words.xcdatamodeld in Sources */ = {isa = PBXBuildFile; fileRef = 7A5A28642625D0D400361AE4 /* ML_Count_Words.xcdatamodeld */; };
		7A5A28682625D0D500361AE4 /* Assets.xcassets in Resources */ = {isa = PBXBuildFile; fileRef = 7A5A28672625D0D500361AE4 /* Assets.xcassets */; };
		7A5A286B2625D0D500361AE4 /* LaunchScreen.storyboard in Resources */ = {isa = PBXBuildFile; fileRef = 7A5A28692625D0D500361AE4 /* LaunchScreen.storyboard */; };
		7A5A28762625D0D500361AE4 /* ML_Count_WordsTests.swift in Sources */ = {isa = PBXBuildFile; fileRef = 7A5A28752625D0D500361AE4 /* ML_Count_WordsTests.swift */; };
		7A5A28812625D0D500361AE4 /* ML_Count_WordsUITests.swift in Sources */ = {isa = PBXBuildFile; fileRef = 7A5A28802625D0D500361AE4 /* ML_Count_WordsUITests.swift */; };
		7A5A289A2626BF1200361AE4 /* CustomTableViewCell.swift in Sources */ = {isa = PBXBuildFile; fileRef = 7A5A28992626BF1200361AE4 /* CustomTableViewCell.swift */; };
		7A5A28A5262704C900361AE4 /* LoadFileViewController.swift in Sources */ = {isa = PBXBuildFile; fileRef = 7A5A28A4262704C900361AE4 /* LoadFileViewController.swift */; };
		7A5A28AF26270C9900361AE4 /* LoadFile.storyboard in Resources */ = {isa = PBXBuildFile; fileRef = 7A5A28AE26270C9900361AE4 /* LoadFile.storyboard */; };
/* End PBXBuildFile section */

/* Begin PBXContainerItemProxy section */
		7A5A28722625D0D500361AE4 /* PBXContainerItemProxy */ = {
			isa = PBXContainerItemProxy;
			containerPortal = 7A5A28502625D0D400361AE4 /* Project object */;
			proxyType = 1;
			remoteGlobalIDString = 7A5A28572625D0D400361AE4;
			remoteInfo = "ML Count Words";
		};
		7A5A287D2625D0D500361AE4 /* PBXContainerItemProxy */ = {
			isa = PBXContainerItemProxy;
			containerPortal = 7A5A28502625D0D400361AE4 /* Project object */;
			proxyType = 1;
			remoteGlobalIDString = 7A5A28572625D0D400361AE4;
			remoteInfo = "ML Count Words";
		};
/* End PBXContainerItemProxy section */

/* Begin PBXFileReference section */
		7A5A28582625D0D400361AE4 /* ML Count Words.app */ = {isa = PBXFileReference; explicitFileType = wrapper.application; includeInIndex = 0; path = "ML Count Words.app"; sourceTree = BUILT_PRODUCTS_DIR; };
		7A5A285B2625D0D400361AE4 /* AppDelegate.swift */ = {isa = PBXFileReference; lastKnownFileType = sourcecode.swift; path = AppDelegate.swift; sourceTree = "<group>"; };
		7A5A285D2625D0D400361AE4 /* SceneDelegate.swift */ = {isa = PBXFileReference; lastKnownFileType = sourcecode.swift; path = SceneDelegate.swift; sourceTree = "<group>"; };
		7A5A285F2625D0D400361AE4 /* ViewController.swift */ = {isa = PBXFileReference; lastKnownFileType = sourcecode.swift; path = ViewController.swift; sourceTree = "<group>"; };
		7A5A28622625D0D400361AE4 /* Base */ = {isa = PBXFileReference; lastKnownFileType = file.storyboard; name = Base; path = Base.lproj/Main.storyboard; sourceTree = "<group>"; };
		7A5A28652625D0D400361AE4 /* ML_Count_Words.xcdatamodel */ = {isa = PBXFileReference; lastKnownFileType = wrapper.xcdatamodel; path = ML_Count_Words.xcdatamodel; sourceTree = "<group>"; };
		7A5A28672625D0D500361AE4 /* Assets.xcassets */ = {isa = PBXFileReference; lastKnownFileType = folder.assetcatalog; path = Assets.xcassets; sourceTree = "<group>"; };
		7A5A286A2625D0D500361AE4 /* Base */ = {isa = PBXFileReference; lastKnownFileType = file.storyboard; name = Base; path = Base.lproj/LaunchScreen.storyboard; sourceTree = "<group>"; };
		7A5A286C2625D0D500361AE4 /* Info.plist */ = {isa = PBXFileReference; lastKnownFileType = text.plist.xml; path = Info.plist; sourceTree = "<group>"; };
		7A5A28712625D0D500361AE4 /* ML Count WordsTests.xctest */ = {isa = PBXFileReference; explicitFileType = wrapper.cfbundle; includeInIndex = 0; path = "ML Count WordsTests.xctest"; sourceTree = BUILT_PRODUCTS_DIR; };
		7A5A28752625D0D500361AE4 /* ML_Count_WordsTests.swift */ = {isa = PBXFileReference; lastKnownFileType = sourcecode.swift; path = ML_Count_WordsTests.swift; sourceTree = "<group>"; };
		7A5A28772625D0D500361AE4 /* Info.plist */ = {isa = PBXFileReference; lastKnownFileType = text.plist.xml; path = Info.plist; sourceTree = "<group>"; };
		7A5A287C2625D0D500361AE4 /* ML Count WordsUITests.xctest */ = {isa = PBXFileReference; explicitFileType = wrapper.cfbundle; includeInIndex = 0; path = "ML Count WordsUITests.xctest"; sourceTree = BUILT_PRODUCTS_DIR; };
		7A5A28802625D0D500361AE4 /* ML_Count_WordsUITests.swift */ = {isa = PBXFileReference; lastKnownFileType = sourcecode.swift; path = ML_Count_WordsUITests.swift; sourceTree = "<group>"; };
		7A5A28822625D0D500361AE4 /* Info.plist */ = {isa = PBXFileReference; lastKnownFileType = text.plist.xml; path = Info.plist; sourceTree = "<group>"; };
		7A5A28992626BF1200361AE4 /* CustomTableViewCell.swift */ = {isa = PBXFileReference; lastKnownFileType = sourcecode.swift; path = CustomTableViewCell.swift; sourceTree = "<group>"; };
		7A5A28A4262704C900361AE4 /* LoadFileViewController.swift */ = {isa = PBXFileReference; lastKnownFileType = sourcecode.swift; path = LoadFileViewController.swift; sourceTree = "<group>"; };
		7A5A28AE26270C9900361AE4 /* LoadFile.storyboard */ = {isa = PBXFileReference; lastKnownFileType = file.storyboard; path = LoadFile.storyboard; sourceTree = "<group>"; };
/* End PBXFileReference section */

/* Begin PBXFrameworksBuildPhase section */
		7A5A28552625D0D400361AE4 /* Frameworks */ = {
			isa = PBXFrameworksBuildPhase;
			buildActionMask = 2147483647;
			files = (
			);
			runOnlyForDeploymentPostprocessing = 0;
		};
		7A5A286E2625D0D500361AE4 /* Frameworks */ = {
			isa = PBXFrameworksBuildPhase;
			buildActionMask = 2147483647;
			files = (
			);
			runOnlyForDeploymentPostprocessing = 0;
		};
		7A5A28792625D0D500361AE4 /* Frameworks */ = {
			isa = PBXFrameworksBuildPhase;
			buildActionMask = 2147483647;
			files = (
			);
			runOnlyForDeploymentPostprocessing = 0;
		};
/* End PBXFrameworksBuildPhase section */

/* Begin PBXGroup section */
		7A5A284F2625D0D400361AE4 = {
			isa = PBXGroup;
			children = (
				7A5A285A2625D0D400361AE4 /* ML Count Words */,
				7A5A28742625D0D500361AE4 /* ML Count WordsTests */,
				7A5A287F2625D0D500361AE4 /* ML Count WordsUITests */,
				7A5A28592625D0D400361AE4 /* Products */,
			);
			sourceTree = "<group>";
		};
		7A5A28592625D0D400361AE4 /* Products */ = {
			isa = PBXGroup;
			children = (
				7A5A28582625D0D400361AE4 /* ML Count Words.app */,
				7A5A28712625D0D500361AE4 /* ML Count WordsTests.xctest */,
				7A5A287C2625D0D500361AE4 /* ML Count WordsUITests.xctest */,
			);
			name = Products;
			sourceTree = "<group>";
		};
		7A5A285A2625D0D400361AE4 /* ML Count Words */ = {
			isa = PBXGroup;
			children = (
				7A5A28AD26270C7C00361AE4 /* StoryBoards */,
				7A5A28A22627049500361AE4 /* LoadFile */,
				7A5A28972626BEBC00361AE4 /* Home */,
				7A5A285B2625D0D400361AE4 /* AppDelegate.swift */,
				7A5A285D2625D0D400361AE4 /* SceneDelegate.swift */,
				7A5A28672625D0D500361AE4 /* Assets.xcassets */,
				7A5A28692625D0D500361AE4 /* LaunchScreen.storyboard */,
				7A5A286C2625D0D500361AE4 /* Info.plist */,
				7A5A28642625D0D400361AE4 /* ML_Count_Words.xcdatamodeld */,
			);
			path = "ML Count Words";
			sourceTree = "<group>";
		};
		7A5A28742625D0D500361AE4 /* ML Count WordsTests */ = {
			isa = PBXGroup;
			children = (
				7A5A28752625D0D500361AE4 /* ML_Count_WordsTests.swift */,
				7A5A28772625D0D500361AE4 /* Info.plist */,
			);
			path = "ML Count WordsTests";
			sourceTree = "<group>";
		};
		7A5A287F2625D0D500361AE4 /* ML Count WordsUITests */ = {
			isa = PBXGroup;
			children = (
				7A5A28802625D0D500361AE4 /* ML_Count_WordsUITests.swift */,
				7A5A28822625D0D500361AE4 /* Info.plist */,
			);
			path = "ML Count WordsUITests";
			sourceTree = "<group>";
		};
		7A5A28972626BEBC00361AE4 /* Home */ = {
			isa = PBXGroup;
			children = (
				7A5A28A9262704D800361AE4 /* UI */,
				7A5A28982626BED300361AE4 /* Model */,
			);
			path = Home;
			sourceTree = "<group>";
		};
		7A5A28982626BED300361AE4 /* Model */ = {
			isa = PBXGroup;
			children = (
				7A5A28992626BF1200361AE4 /* CustomTableViewCell.swift */,
			);
			path = Model;
			sourceTree = "<group>";
		};
		7A5A28A22627049500361AE4 /* LoadFile */ = {
			isa = PBXGroup;
			children = (
				7A5A28A3262704A300361AE4 /* UI */,
			);
			path = LoadFile;
			sourceTree = "<group>";
		};
		7A5A28A3262704A300361AE4 /* UI */ = {
			isa = PBXGroup;
			children = (
				7A5A28A4262704C900361AE4 /* LoadFileViewController.swift */,
			);
			path = UI;
			sourceTree = "<group>";
		};
		7A5A28A9262704D800361AE4 /* UI */ = {
			isa = PBXGroup;
			children = (
				7A5A285F2625D0D400361AE4 /* ViewController.swift */,
			);
			path = UI;
			sourceTree = "<group>";
		};
		7A5A28AD26270C7C00361AE4 /* StoryBoards */ = {
			isa = PBXGroup;
			children = (
				7A5A28612625D0D400361AE4 /* Main.storyboard */,
				7A5A28AE26270C9900361AE4 /* LoadFile.storyboard */,
			);
			path = StoryBoards;
			sourceTree = "<group>";
		};
/* End PBXGroup section */

/* Begin PBXNativeTarget section */
		7A5A28572625D0D400361AE4 /* ML Count Words */ = {
			isa = PBXNativeTarget;
			buildConfigurationList = 7A5A28852625D0D500361AE4 /* Build configuration list for PBXNativeTarget "ML Count Words" */;
			buildPhases = (
				7A5A28542625D0D400361AE4 /* Sources */,
				7A5A28552625D0D400361AE4 /* Frameworks */,
				7A5A28562625D0D400361AE4 /* Resources */,
			);
			buildRules = (
			);
			dependencies = (
			);
			name = "ML Count Words";
			productName = "ML Count Words";
			productReference = 7A5A28582625D0D400361AE4 /* ML Count Words.app */;
			productType = "com.apple.product-type.application";
		};
		7A5A28702625D0D500361AE4 /* ML Count WordsTests */ = {
			isa = PBXNativeTarget;
			buildConfigurationList = 7A5A28882625D0D500361AE4 /* Build configuration list for PBXNativeTarget "ML Count WordsTests" */;
			buildPhases = (
				7A5A286D2625D0D500361AE4 /* Sources */,
				7A5A286E2625D0D500361AE4 /* Frameworks */,
				7A5A286F2625D0D500361AE4 /* Resources */,
			);
			buildRules = (
			);
			dependencies = (
				7A5A28732625D0D500361AE4 /* PBXTargetDependency */,
			);
			name = "ML Count WordsTests";
			productName = "ML Count WordsTests";
			productReference = 7A5A28712625D0D500361AE4 /* ML Count WordsTests.xctest */;
			productType = "com.apple.product-type.bundle.unit-test";
		};
		7A5A287B2625D0D500361AE4 /* ML Count WordsUITests */ = {
			isa = PBXNativeTarget;
			buildConfigurationList = 7A5A288B2625D0D500361AE4 /* Build configuration list for PBXNativeTarget "ML Count WordsUITests" */;
			buildPhases = (
				7A5A28782625D0D500361AE4 /* Sources */,
				7A5A28792625D0D500361AE4 /* Frameworks */,
				7A5A287A2625D0D500361AE4 /* Resources */,
			);
			buildRules = (
			);
			dependencies = (
				7A5A287E2625D0D500361AE4 /* PBXTargetDependency */,
			);
			name = "ML Count WordsUITests";
			productName = "ML Count WordsUITests";
			productReference = 7A5A287C2625D0D500361AE4 /* ML Count WordsUITests.xctest */;
			productType = "com.apple.product-type.bundle.ui-testing";
		};
/* End PBXNativeTarget section */

/* Begin PBXProject section */
		7A5A28502625D0D400361AE4 /* Project object */ = {
			isa = PBXProject;
			attributes = {
				LastSwiftUpdateCheck = 1240;
				LastUpgradeCheck = 1240;
				TargetAttributes = {
					7A5A28572625D0D400361AE4 = {
						CreatedOnToolsVersion = 12.4;
					};
					7A5A28702625D0D500361AE4 = {
						CreatedOnToolsVersion = 12.4;
						TestTargetID = 7A5A28572625D0D400361AE4;
					};
					7A5A287B2625D0D500361AE4 = {
						CreatedOnToolsVersion = 12.4;
						TestTargetID = 7A5A28572625D0D400361AE4;
					};
				};
			};
			buildConfigurationList = 7A5A28532625D0D400361AE4 /* Build configuration list for PBXProject "ML Count Words" */;
			compatibilityVersion = "Xcode 9.3";
			developmentRegion = en;
			hasScannedForEncodings = 0;
			knownRegions = (
				en,
				Base,
			);
			mainGroup = 7A5A284F2625D0D400361AE4;
			productRefGroup = 7A5A28592625D0D400361AE4 /* Products */;
			projectDirPath = "";
			projectRoot = "";
			targets = (
				7A5A28572625D0D400361AE4 /* ML Count Words */,
				7A5A28702625D0D500361AE4 /* ML Count WordsTests */,
				7A5A287B2625D0D500361AE4 /* ML Count WordsUITests */,
			);
		};
/* End PBXProject section */

/* Begin PBXResourcesBuildPhase section */
		7A5A28562625D0D400361AE4 /* Resources */ = {
			isa = PBXResourcesBuildPhase;
			buildActionMask = 2147483647;
			files = (
				7A5A286B2625D0D500361AE4 /* LaunchScreen.storyboard in Resources */,
				7A5A28682625D0D500361AE4 /* Assets.xcassets in Resources */,
				7A5A28AF26270C9900361AE4 /* LoadFile.storyboard in Resources */,
				7A5A28632625D0D400361AE4 /* Main.storyboard in Resources */,
			);
			runOnlyForDeploymentPostprocessing = 0;
		};
		7A5A286F2625D0D500361AE4 /* Resources */ = {
			isa = PBXResourcesBuildPhase;
			buildActionMask = 2147483647;
			files = (
			);
			runOnlyForDeploymentPostprocessing = 0;
		};
		7A5A287A2625D0D500361AE4 /* Resources */ = {
			isa = PBXResourcesBuildPhase;
			buildActionMask = 2147483647;
			files = (
			);
			runOnlyForDeploymentPostprocessing = 0;
		};
/* End PBXResourcesBuildPhase section */

/* Begin PBXSourcesBuildPhase section */
		7A5A28542625D0D400361AE4 /* Sources */ = {
			isa = PBXSourcesBuildPhase;
			buildActionMask = 2147483647;
			files = (
				7A5A28602625D0D400361AE4 /* ViewController.swift in Sources */,
				7A5A289A2626BF1200361AE4 /* CustomTableViewCell.swift in Sources */,
				7A5A28A5262704C900361AE4 /* LoadFileViewController.swift in Sources */,
				7A5A285C2625D0D400361AE4 /* AppDelegate.swift in Sources */,
				7A5A28662625D0D400361AE4 /* ML_Count_Words.xcdatamodeld in Sources */,
				7A5A285E2625D0D400361AE4 /* SceneDelegate.swift in Sources */,
			);
			runOnlyForDeploymentPostprocessing = 0;
		};
		7A5A286D2625D0D500361AE4 /* Sources */ = {
			isa = PBXSourcesBuildPhase;
			buildActionMask = 2147483647;
			files = (
				7A5A28762625D0D500361AE4 /* ML_Count_WordsTests.swift in Sources */,
			);
			runOnlyForDeploymentPostprocessing = 0;
		};
		7A5A28782625D0D500361AE4 /* Sources */ = {
			isa = PBXSourcesBuildPhase;
			buildActionMask = 2147483647;
			files = (
				7A5A28812625D0D500361AE4 /* ML_Count_WordsUITests.swift in Sources */,
			);
			runOnlyForDeploymentPostprocessing = 0;
		};
/* End PBXSourcesBuildPhase section */

/* Begin PBXTargetDependency section */
		7A5A28732625D0D500361AE4 /* PBXTargetDependency */ = {
			isa = PBXTargetDependency;
			target = 7A5A28572625D0D400361AE4 /* ML Count Words */;
			targetProxy = 7A5A28722625D0D500361AE4 /* PBXContainerItemProxy */;
		};
		7A5A287E2625D0D500361AE4 /* PBXTargetDependency */ = {
			isa = PBXTargetDependency;
			target = 7A5A28572625D0D400361AE4 /* ML Count Words */;
			targetProxy = 7A5A287D2625D0D500361AE4 /* PBXContainerItemProxy */;
		};
/* End PBXTargetDependency section */

/* Begin PBXVariantGroup section */
		7A5A28612625D0D400361AE4 /* Main.storyboard */ = {
			isa = PBXVariantGroup;
			children = (
				7A5A28622625D0D400361AE4 /* Base */,
			);
			name = Main.storyboard;
			sourceTree = "<group>";
		};
		7A5A28692625D0D500361AE4 /* LaunchScreen.storyboard */ = {
			isa = PBXVariantGroup;
			children = (
				7A5A286A2625D0D500361AE4 /* Base */,
			);
			name = LaunchScreen.storyboard;
			sourceTree = "<group>";
		};
/* End PBXVariantGroup section */

/* Begin XCBuildConfiguration section */
		7A5A28832625D0D500361AE4 /* Debug */ = {
			isa = XCBuildConfiguration;
			buildSettings = {
				ALWAYS_SEARCH_USER_PATHS = NO;
				CLANG_ANALYZER_NONNULL = YES;
				CLANG_ANALYZER_NUMBER_OBJECT_CONVERSION = YES_AGGRESSIVE;
				CLANG_CXX_LANGUAGE_STANDARD = "gnu++14";
				CLANG_CXX_LIBRARY = "libc++";
				CLANG_ENABLE_MODULES = YES;
				CLANG_ENABLE_OBJC_ARC = YES;
				CLANG_ENABLE_OBJC_WEAK = YES;
				CLANG_WARN_BLOCK_CAPTURE_AUTORELEASING = YES;
				CLANG_WARN_BOOL_CONVERSION = YES;
				CLANG_WARN_COMMA = YES;
				CLANG_WARN_CONSTANT_CONVERSION = YES;
				CLANG_WARN_DEPRECATED_OBJC_IMPLEMENTATIONS = YES;
				CLANG_WARN_DIRECT_OBJC_ISA_USAGE = YES_ERROR;
				CLANG_WARN_DOCUMENTATION_COMMENTS = YES;
				CLANG_WARN_EMPTY_BODY = YES;
				CLANG_WARN_ENUM_CONVERSION = YES;
				CLANG_WARN_INFINITE_RECURSION = YES;
				CLANG_WARN_INT_CONVERSION = YES;
				CLANG_WARN_NON_LITERAL_NULL_CONVERSION = YES;
				CLANG_WARN_OBJC_IMPLICIT_RETAIN_SELF = YES;
				CLANG_WARN_OBJC_LITERAL_CONVERSION = YES;
				CLANG_WARN_OBJC_ROOT_CLASS = YES_ERROR;
				CLANG_WARN_QUOTED_INCLUDE_IN_FRAMEWORK_HEADER = YES;
				CLANG_WARN_RANGE_LOOP_ANALYSIS = YES;
				CLANG_WARN_STRICT_PROTOTYPES = YES;
				CLANG_WARN_SUSPICIOUS_MOVE = YES;
				CLANG_WARN_UNGUARDED_AVAILABILITY = YES_AGGRESSIVE;
				CLANG_WARN_UNREACHABLE_CODE = YES;
				CLANG_WARN__DUPLICATE_METHOD_MATCH = YES;
				COPY_PHASE_STRIP = NO;
				DEBUG_INFORMATION_FORMAT = dwarf;
				ENABLE_STRICT_OBJC_MSGSEND = YES;
				ENABLE_TESTABILITY = YES;
				GCC_C_LANGUAGE_STANDARD = gnu11;
				GCC_DYNAMIC_NO_PIC = NO;
				GCC_NO_COMMON_BLOCKS = YES;
				GCC_OPTIMIZATION_LEVEL = 0;
				GCC_PREPROCESSOR_DEFINITIONS = (
					"DEBUG=1",
					"$(inherited)",
				);
				GCC_WARN_64_TO_32_BIT_CONVERSION = YES;
				GCC_WARN_ABOUT_RETURN_TYPE = YES_ERROR;
				GCC_WARN_UNDECLARED_SELECTOR = YES;
				GCC_WARN_UNINITIALIZED_AUTOS = YES_AGGRESSIVE;
				GCC_WARN_UNUSED_FUNCTION = YES;
				GCC_WARN_UNUSED_VARIABLE = YES;
				IPHONEOS_DEPLOYMENT_TARGET = 14.4;
				MTL_ENABLE_DEBUG_INFO = INCLUDE_SOURCE;
				MTL_FAST_MATH = YES;
				ONLY_ACTIVE_ARCH = YES;
				SDKROOT = iphoneos;
				SWIFT_ACTIVE_COMPILATION_CONDITIONS = DEBUG;
				SWIFT_OPTIMIZATION_LEVEL = "-Onone";
			};
			name = Debug;
		};
		7A5A28842625D0D500361AE4 /* Release */ = {
			isa = XCBuildConfiguration;
			buildSettings = {
				ALWAYS_SEARCH_USER_PATHS = NO;
				CLANG_ANALYZER_NONNULL = YES;
				CLANG_ANALYZER_NUMBER_OBJECT_CONVERSION = YES_AGGRESSIVE;
				CLANG_CXX_LANGUAGE_STANDARD = "gnu++14";
				CLANG_CXX_LIBRARY = "libc++";
				CLANG_ENABLE_MODULES = YES;
				CLANG_ENABLE_OBJC_ARC = YES;
				CLANG_ENABLE_OBJC_WEAK = YES;
				CLANG_WARN_BLOCK_CAPTURE_AUTORELEASING = YES;
				CLANG_WARN_BOOL_CONVERSION = YES;
				CLANG_WARN_COMMA = YES;
				CLANG_WARN_CONSTANT_CONVERSION = YES;
				CLANG_WARN_DEPRECATED_OBJC_IMPLEMENTATIONS = YES;
				CLANG_WARN_DIRECT_OBJC_ISA_USAGE = YES_ERROR;
				CLANG_WARN_DOCUMENTATION_COMMENTS = YES;
				CLANG_WARN_EMPTY_BODY = YES;
				CLANG_WARN_ENUM_CONVERSION = YES;
				CLANG_WARN_INFINITE_RECURSION = YES;
				CLANG_WARN_INT_CONVERSION = YES;
				CLANG_WARN_NON_LITERAL_NULL_CONVERSION = YES;
				CLANG_WARN_OBJC_IMPLICIT_RETAIN_SELF = YES;
				CLANG_WARN_OBJC_LITERAL_CONVERSION = YES;
				CLANG_WARN_OBJC_ROOT_CLASS = YES_ERROR;
				CLANG_WARN_QUOTED_INCLUDE_IN_FRAMEWORK_HEADER = YES;
				CLANG_WARN_RANGE_LOOP_ANALYSIS = YES;
				CLANG_WARN_STRICT_PROTOTYPES = YES;
				CLANG_WARN_SUSPICIOUS_MOVE = YES;
				CLANG_WARN_UNGUARDED_AVAILABILITY = YES_AGGRESSIVE;
				CLANG_WARN_UNREACHABLE_CODE = YES;
				CLANG_WARN__DUPLICATE_METHOD_MATCH = YES;
				COPY_PHASE_STRIP = NO;
				DEBUG_INFORMATION_FORMAT = "dwarf-with-dsym";
				ENABLE_NS_ASSERTIONS = NO;
				ENABLE_STRICT_OBJC_MSGSEND = YES;
				GCC_C_LANGUAGE_STANDARD = gnu11;
				GCC_NO_COMMON_BLOCKS = YES;
				GCC_WARN_64_TO_32_BIT_CONVERSION = YES;
				GCC_WARN_ABOUT_RETURN_TYPE = YES_ERROR;
				GCC_WARN_UNDECLARED_SELECTOR = YES;
				GCC_WARN_UNINITIALIZED_AUTOS = YES_AGGRESSIVE;
				GCC_WARN_UNUSED_FUNCTION = YES;
				GCC_WARN_UNUSED_VARIABLE = YES;
				IPHONEOS_DEPLOYMENT_TARGET = 14.4;
				MTL_ENABLE_DEBUG_INFO = NO;
				MTL_FAST_MATH = YES;
				SDKROOT = iphoneos;
				SWIFT_COMPILATION_MODE = wholemodule;
				SWIFT_OPTIMIZATION_LEVEL = "-O";
				VALIDATE_PRODUCT = YES;
			};
			name = Release;
		};
		7A5A28862625D0D500361AE4 /* Debug */ = {
			isa = XCBuildConfiguration;
			buildSettings = {
				ASSETCATALOG_COMPILER_APPICON_NAME = AppIcon;
				ASSETCATALOG_COMPILER_GLOBAL_ACCENT_COLOR_NAME = AccentColor;
				CODE_SIGN_STYLE = Automatic;
				DEVELOPMENT_TEAM = H86KV5J4UN;
				INFOPLIST_FILE = "ML Count Words/Info.plist";
				LD_RUNPATH_SEARCH_PATHS = (
					"$(inherited)",
					"@executable_path/Frameworks",
				);
				PRODUCT_BUNDLE_IDENTIFIER = com.paretsdesign.MLCountWords;
				PRODUCT_NAME = "$(TARGET_NAME)";
				SWIFT_VERSION = 5.0;
				TARGETED_DEVICE_FAMILY = "1,2";
			};
			name = Debug;
		};
		7A5A28872625D0D500361AE4 /* Release */ = {
			isa = XCBuildConfiguration;
			buildSettings = {
				ASSETCATALOG_COMPILER_APPICON_NAME = AppIcon;
				ASSETCATALOG_COMPILER_GLOBAL_ACCENT_COLOR_NAME = AccentColor;
				CODE_SIGN_STYLE = Automatic;
				DEVELOPMENT_TEAM = H86KV5J4UN;
				INFOPLIST_FILE = "ML Count Words/Info.plist";
				LD_RUNPATH_SEARCH_PATHS = (
					"$(inherited)",
					"@executable_path/Frameworks",
				);
				PRODUCT_BUNDLE_IDENTIFIER = com.paretsdesign.MLCountWords;
				PRODUCT_NAME = "$(TARGET_NAME)";
				SWIFT_VERSION = 5.0;
				TARGETED_DEVICE_FAMILY = "1,2";
			};
			name = Release;
		};
		7A5A28892625D0D500361AE4 /* Debug */ = {
			isa = XCBuildConfiguration;
			buildSettings = {
				ALWAYS_EMBED_SWIFT_STANDARD_LIBRARIES = YES;
				BUNDLE_LOADER = "$(TEST_HOST)";
				CODE_SIGN_STYLE = Automatic;
				DEVELOPMENT_TEAM = H86KV5J4UN;
				INFOPLIST_FILE = "ML Count WordsTests/Info.plist";
				IPHONEOS_DEPLOYMENT_TARGET = 14.4;
				LD_RUNPATH_SEARCH_PATHS = (
					"$(inherited)",
					"@executable_path/Frameworks",
					"@loader_path/Frameworks",
				);
				PRODUCT_BUNDLE_IDENTIFIER = "com.paretsdesign.ML-Count-WordsTests";
				PRODUCT_NAME = "$(TARGET_NAME)";
				SWIFT_VERSION = 5.0;
				TARGETED_DEVICE_FAMILY = "1,2";
				TEST_HOST = "$(BUILT_PRODUCTS_DIR)/ML Count Words.app/ML Count Words";
			};
			name = Debug;
		};
		7A5A288A2625D0D500361AE4 /* Release */ = {
			isa = XCBuildConfiguration;
			buildSettings = {
				ALWAYS_EMBED_SWIFT_STANDARD_LIBRARIES = YES;
				BUNDLE_LOADER = "$(TEST_HOST)";
				CODE_SIGN_STYLE = Automatic;
				DEVELOPMENT_TEAM = H86KV5J4UN;
				INFOPLIST_FILE = "ML Count WordsTests/Info.plist";
				IPHONEOS_DEPLOYMENT_TARGET = 14.4;
				LD_RUNPATH_SEARCH_PATHS = (
					"$(inherited)",
					"@executable_path/Frameworks",
					"@loader_path/Frameworks",
				);
				PRODUCT_BUNDLE_IDENTIFIER = "com.paretsdesign.ML-Count-WordsTests";
				PRODUCT_NAME = "$(TARGET_NAME)";
				SWIFT_VERSION = 5.0;
				TARGETED_DEVICE_FAMILY = "1,2";
				TEST_HOST = "$(BUILT_PRODUCTS_DIR)/ML Count Words.app/ML Count Words";
			};
			name = Release;
		};
		7A5A288C2625D0D500361AE4 /* Debug */ = {
			isa = XCBuildConfiguration;
			buildSettings = {
				ALWAYS_EMBED_SWIFT_STANDARD_LIBRARIES = YES;
				CODE_SIGN_STYLE = Automatic;
				DEVELOPMENT_TEAM = H86KV5J4UN;
				INFOPLIST_FILE = "ML Count WordsUITests/Info.plist";
				LD_RUNPATH_SEARCH_PATHS = (
					"$(inherited)",
					"@executable_path/Frameworks",
					"@loader_path/Frameworks",
				);
				PRODUCT_BUNDLE_IDENTIFIER = "com.paretsdesign.ML-Count-WordsUITests";
				PRODUCT_NAME = "$(TARGET_NAME)";
				SWIFT_VERSION = 5.0;
				TARGETED_DEVICE_FAMILY = "1,2";
				TEST_TARGET_NAME = "ML Count Words";
			};
			name = Debug;
		};
		7A5A288D2625D0D500361AE4 /* Release */ = {
			isa = XCBuildConfiguration;
			buildSettings = {
				ALWAYS_EMBED_SWIFT_STANDARD_LIBRARIES = YES;
				CODE_SIGN_STYLE = Automatic;
				DEVELOPMENT_TEAM = H86KV5J4UN;
				INFOPLIST_FILE = "ML Count WordsUITests/Info.plist";
				LD_RUNPATH_SEARCH_PATHS = (
					"$(inherited)",
					"@executable_path/Frameworks",
					"@loader_path/Frameworks",
				);
				PRODUCT_BUNDLE_IDENTIFIER = "com.paretsdesign.ML-Count-WordsUITests";
				PRODUCT_NAME = "$(TARGET_NAME)";
				SWIFT_VERSION = 5.0;
				TARGETED_DEVICE_FAMILY = "1,2";
				TEST_TARGET_NAME = "ML Count Words";
			};
			name = Release;
		};
/* End XCBuildConfiguration section */

/* Begin XCConfigurationList section */
		7A5A28532625D0D400361AE4 /* Build configuration list for PBXProject "ML Count Words" */ = {
			isa = XCConfigurationList;
			buildConfigurations = (
				7A5A28832625D0D500361AE4 /* Debug */,
				7A5A28842625D0D500361AE4 /* Release */,
			);
			defaultConfigurationIsVisible = 0;
			defaultConfigurationName = Release;
		};
		7A5A28852625D0D500361AE4 /* Build configuration list for PBXNativeTarget "ML Count Words" */ = {
			isa = XCConfigurationList;
			buildConfigurations = (
				7A5A28862625D0D500361AE4 /* Debug */,
				7A5A28872625D0D500361AE4 /* Release */,
			);
			defaultConfigurationIsVisible = 0;
			defaultConfigurationName = Release;
		};
		7A5A28882625D0D500361AE4 /* Build configuration list for PBXNativeTarget "ML Count WordsTests" */ = {
			isa = XCConfigurationList;
			buildConfigurations = (
				7A5A28892625D0D500361AE4 /* Debug */,
				7A5A288A2625D0D500361AE4 /* Release */,
			);
			defaultConfigurationIsVisible = 0;
			defaultConfigurationName = Release;
		};
		7A5A288B2625D0D500361AE4 /* Build configuration list for PBXNativeTarget "ML Count WordsUITests" */ = {
			isa = XCConfigurationList;
			buildConfigurations = (
				7A5A288C2625D0D500361AE4 /* Debug */,
				7A5A288D2625D0D500361AE4 /* Release */,
			);
			defaultConfigurationIsVisible = 0;
			defaultConfigurationName = Release;
		};
/* End XCConfigurationList section */

/* Begin XCVersionGroup section */
		7A5A28642625D0D400361AE4 /* ML_Count_Words.xcdatamodeld */ = {
			isa = XCVersionGroup;
			children = (
				7A5A28652625D0D400361AE4 /* ML_Count_Words.xcdatamodel */,
			);
			currentVersion = 7A5A28652625D0D400361AE4 /* ML_Count_Words.xcdatamodel */;
			path = ML_Count_Words.xcdatamodeld;
			sourceTree = "<group>";
			versionGroupType = wrapper.xcdatamodel;
		};
/* End XCVersionGroup section */
	};
	rootObject = 7A5A28502625D0D400361AE4 /* Project object */;
}
